
Microsoft Visual Studio Solution File, Format Version 12.00
# Visual Studio Version 17
VisualStudioVersion = 17.1.31911.260
MinimumVisualStudioVersion = 10.0.40219.1
Project("{FAE04EC0-301F-11D3-BF4B-00C04F79EFBC}") = "Dell Fan Controller Service", "Dell Fan Controller Service\Dell Fan Controller Service.csproj", "{828F3FC9-EB98-466C-8FCB-1932BE7E57FF}"
EndProject
Project("{930C7802-8A8C-48F9-8165-68863BCCD9DD}") = "Dell Fan Controller Service Installer", "Dell Fan Controller Service Installer\Dell Fan Controller Service Installer.wixproj", "{0988FE2D-1E30-4DD1-A721-8A3FEE1720E5}"
EndProject
Project("{FAE04EC0-301F-11D3-BF4B-00C04F79EFBC}") = "Testing", "Testing\Testing.csproj", "{D4675DD5-5C83-4BE5-ADDF-B75A04B7841A}"
EndProject
Project("{FAE04EC0-301F-11D3-BF4B-00C04F79EFBC}") = "Dell PowerEdge Fan Controller (Interface)", "Dell PowerEdge Fan Controller (Interface)\Dell PowerEdge Fan Controller (Interface).csproj", "{2C6EF467-91AB-4949-AED8-E4569E82235D}"
EndProject
Global
	GlobalSection(SolutionConfigurationPlatforms) = preSolution
		Debug|Any CPU = Debug|Any CPU
		Debug|x86 = Debug|x86
		Release|Any CPU = Release|Any CPU
		Release|x86 = Release|x86
	EndGlobalSection
	GlobalSection(ProjectConfigurationPlatforms) = postSolution
		{828F3FC9-EB98-466C-8FCB-1932BE7E57FF}.Debug|Any CPU.ActiveCfg = Debug|Any CPU
		{828F3FC9-EB98-466C-8FCB-1932BE7E57FF}.Debug|Any CPU.Build.0 = Debug|Any CPU
		{828F3FC9-EB98-466C-8FCB-1932BE7E57FF}.Debug|x86.ActiveCfg = Debug|Any CPU
		{828F3FC9-EB98-466C-8FCB-1932BE7E57FF}.Debug|x86.Build.0 = Debug|Any CPU
		{828F3FC9-EB98-466C-8FCB-1932BE7E57FF}.Release|Any CPU.ActiveCfg = Release|Any CPU
		{828F3FC9-EB98-466C-8FCB-1932BE7E57FF}.Release|Any CPU.Build.0 = Release|Any CPU
		{828F3FC9-EB98-466C-8FCB-1932BE7E57FF}.Release|x86.ActiveCfg = Release|Any CPU
		{828F3FC9-EB98-466C-8FCB-1932BE7E57FF}.Release|x86.Build.0 = Release|Any CPU
		{0988FE2D-1E30-4DD1-A721-8A3FEE1720E5}.Debug|Any CPU.ActiveCfg = Debug|x86
		{0988FE2D-1E30-4DD1-A721-8A3FEE1720E5}.Debug|Any CPU.Build.0 = Debug|x86
		{0988FE2D-1E30-4DD1-A721-8A3FEE1720E5}.Debug|x86.ActiveCfg = Debug|x86
		{0988FE2D-1E30-4DD1-A721-8A3FEE1720E5}.Debug|x86.Build.0 = Debug|x86
		{0988FE2D-1E30-4DD1-A721-8A3FEE1720E5}.Release|Any CPU.ActiveCfg = Release|x86
		{0988FE2D-1E30-4DD1-A721-8A3FEE1720E5}.Release|Any CPU.Build.0 = Release|x86
		{0988FE2D-1E30-4DD1-A721-8A3FEE1720E5}.Release|x86.ActiveCfg = Release|x86
		{0988FE2D-1E30-4DD1-A721-8A3FEE1720E5}.Release|x86.Build.0 = Release|x86
		{D4675DD5-5C83-4BE5-ADDF-B75A04B7841A}.Debug|Any CPU.ActiveCfg = Debug|Any CPU
		{D4675DD5-5C83-4BE5-ADDF-B75A04B7841A}.Debug|Any CPU.Build.0 = Debug|Any CPU
		{D4675DD5-5C83-4BE5-ADDF-B75A04B7841A}.Debug|x86.ActiveCfg = Debug|Any CPU
		{D4675DD5-5C83-4BE5-ADDF-B75A04B7841A}.Debug|x86.Build.0 = Debug|Any CPU
		{D4675DD5-5C83-4BE5-ADDF-B75A04B7841A}.Release|Any CPU.ActiveCfg = Release|Any CPU
		{D4675DD5-5C83-4BE5-ADDF-B75A04B7841A}.Release|Any CPU.Build.0 = Release|Any CPU
		{D4675DD5-5C83-4BE5-ADDF-B75A04B7841A}.Release|x86.ActiveCfg = Release|Any CPU
		{D4675DD5-5C83-4BE5-ADDF-B75A04B7841A}.Release|x86.Build.0 = Release|Any CPU
		{2C6EF467-91AB-4949-AED8-E4569E82235D}.Debug|Any CPU.ActiveCfg = Debug|Any CPU
		{2C6EF467-91AB-4949-AED8-E4569E82235D}.Debug|Any CPU.Build.0 = Debug|Any CPU
		{2C6EF467-91AB-4949-AED8-E4569E82235D}.Debug|x86.ActiveCfg = Debug|Any CPU
		{2C6EF467-91AB-4949-AED8-E4569E82235D}.Debug|x86.Build.0 = Debug|Any CPU
		{2C6EF467-91AB-4949-AED8-E4569E82235D}.Release|Any CPU.ActiveCfg = Release|Any CPU
		{2C6EF467-91AB-4949-AED8-E4569E82235D}.Release|Any CPU.Build.0 = Release|Any CPU
		{2C6EF467-91AB-4949-AED8-E4569E82235D}.Release|x86.ActiveCfg = Release|Any CPU
		{2C6EF467-91AB-4949-AED8-E4569E82235D}.Release|x86.Build.0 = Release|Any CPU
	EndGlobalSection
	GlobalSection(SolutionProperties) = preSolution
		HideSolutionNode = FALSE
	EndGlobalSection
	GlobalSection(ExtensibilityGlobals) = postSolution
		SolutionGuid = {D1CCD53F-3F1A-4AD8-BFA7-E9BF43299C88}
	EndGlobalSection
EndGlobal
